
Microsoft Visual Studio Solution File, Format Version 12.00
# Visual Studio Version 17
VisualStudioVersion = 17.0.31903.59
MinimumVisualStudioVersion = 10.0.40219.1
Project("{FAE04EC0-301F-11D3-BF4B-00C04F79EFBC}") = "CuteLight.Sdk", "CuteLight.Sdk.csproj", "{80D16093-F731-487B-AD87-80026177EA7D}"
EndProject
Project("{FAE04EC0-301F-11D3-BF4B-00C04F79EFBC}") = "CuteLight.Sdk.Example", "example\CuteLight.Sdk.Example.csproj", "{90722A82-12F4-413E-BAB5-ED96469E06EC}"
EndProject
Global
	GlobalSection(SolutionConfigurationPlatforms) = preSolution
		Debug|Any CPU = Debug|Any CPU
		Release|Any CPU = Release|Any CPU
	EndGlobalSection
	GlobalSection(SolutionProperties) = preSolution
		HideSolutionNode = FALSE
	EndGlobalSection
	GlobalSection(ProjectConfigurationPlatforms) = postSolution
		{80D16093-F731-487B-AD87-80026177EA7D}.Debug|Any CPU.ActiveCfg = Debug|Any CPU
		{80D16093-F731-487B-AD87-80026177EA7D}.Debug|Any CPU.Build.0 = Debug|Any CPU
		{80D16093-F731-487B-AD87-80026177EA7D}.Release|Any CPU.ActiveCfg = Release|Any CPU
		{80D16093-F731-487B-AD87-80026177EA7D}.Release|Any CPU.Build.0 = Release|Any CPU
		{90722A82-12F4-413E-BAB5-ED96469E06EC}.Debug|Any CPU.ActiveCfg = Debug|Any CPU
		{90722A82-12F4-413E-BAB5-ED96469E06EC}.Debug|Any CPU.Build.0 = Debug|Any CPU
		{90722A82-12F4-413E-BAB5-ED96469E06EC}.Release|Any CPU.ActiveCfg = Release|Any CPU
		{90722A82-12F4-413E-BAB5-ED96469E06EC}.Release|Any CPU.Build.0 = Release|Any CPU
	EndGlobalSection
EndGlobal
